
Microsoft Visual Studio Solution File, Format Version 12.00
# Visual Studio 15
Project("{FAE04EC0-301F-11D3-BF4B-00C04F79EFBC}") = "Assembly-CSharp", "Assembly-CSharp.csproj", "{F5779036-AFA6-6D46-8336-097C7C6877FD}"
EndProject
Project("{FAE04EC0-301F-11D3-BF4B-00C04F79EFBC}") = "SpecialNeeds.Cloudata.Services", "SpecialNeeds.Cloudata.Services.csproj", "{60BA594A-F862-5ADA-4ED7-C00973AA35CA}"
EndProject
Project("{FAE04EC0-301F-11D3-BF4B-00C04F79EFBC}") = "SpecialNeeds.Cloudata", "SpecialNeeds.Cloudata.csproj", "{6630FACE-45E8-22B6-1BC3-8737661BD225}"
EndProject
Project("{FAE04EC0-301F-11D3-BF4B-00C04F79EFBC}") = "SpecialNeeds.Cloudata.Entities", "SpecialNeeds.Cloudata.Entities.csproj", "{523DF864-6A43-673E-C609-EB494A591D5F}"
EndProject
Project("{FAE04EC0-301F-11D3-BF4B-00C04F79EFBC}") = "SpecialNeeds.Cloudata.Untitites", "SpecialNeeds.Cloudata.Untitites.csproj", "{C4218862-8A82-1083-41A3-2AF5B9E0C436}"
EndProject
Project("{FAE04EC0-301F-11D3-BF4B-00C04F79EFBC}") = "Sirenix.OdinInspector.CompatibilityLayer", "Sirenix.OdinInspector.CompatibilityLayer.csproj", "{D5F5174E-BC3C-9811-4535-1F1AA28F5A3D}"
EndProject
Project("{FAE04EC0-301F-11D3-BF4B-00C04F79EFBC}") = "Sirenix.OdinInspector.CompatibilityLayer.Editor", "Sirenix.OdinInspector.CompatibilityLayer.Editor.csproj", "{8C8C2818-FDC7-D777-AA60-62040576D1AD}"
EndProject
Project("{FAE04EC0-301F-11D3-BF4B-00C04F79EFBC}") = "Assembly-CSharp-Editor", "Assembly-CSharp-Editor.csproj", "{AA1866B0-BE46-47F5-74F4-3FC11DB3574C}"
EndProject
Global
	GlobalSection(SolutionConfigurationPlatforms) = preSolution
		Debug|Any CPU = Debug|Any CPU
		Release|Any CPU = Release|Any CPU
	EndGlobalSection
	GlobalSection(ProjectConfigurationPlatforms) = postSolution
		{F5779036-AFA6-6D46-8336-097C7C6877FD}.Debug|Any CPU.ActiveCfg = Debug|Any CPU
		{F5779036-AFA6-6D46-8336-097C7C6877FD}.Debug|Any CPU.Build.0 = Debug|Any CPU
		{F5779036-AFA6-6D46-8336-097C7C6877FD}.Release|Any CPU.ActiveCfg = Release|Any CPU
		{F5779036-AFA6-6D46-8336-097C7C6877FD}.Release|Any CPU.Build.0 = Release|Any CPU
		{60BA594A-F862-5ADA-4ED7-C00973AA35CA}.Debug|Any CPU.ActiveCfg = Debug|Any CPU
		{60BA594A-F862-5ADA-4ED7-C00973AA35CA}.Debug|Any CPU.Build.0 = Debug|Any CPU
		{60BA594A-F862-5ADA-4ED7-C00973AA35CA}.Release|Any CPU.ActiveCfg = Release|Any CPU
		{60BA594A-F862-5ADA-4ED7-C00973AA35CA}.Release|Any CPU.Build.0 = Release|Any CPU
		{6630FACE-45E8-22B6-1BC3-8737661BD225}.Debug|Any CPU.ActiveCfg = Debug|Any CPU
		{6630FACE-45E8-22B6-1BC3-8737661BD225}.Debug|Any CPU.Build.0 = Debug|Any CPU
		{6630FACE-45E8-22B6-1BC3-8737661BD225}.Release|Any CPU.ActiveCfg = Release|Any CPU
		{6630FACE-45E8-22B6-1BC3-8737661BD225}.Release|Any CPU.Build.0 = Release|Any CPU
		{523DF864-6A43-673E-C609-EB494A591D5F}.Debug|Any CPU.ActiveCfg = Debug|Any CPU
		{523DF864-6A43-673E-C609-EB494A591D5F}.Debug|Any CPU.Build.0 = Debug|Any CPU
		{523DF864-6A43-673E-C609-EB494A591D5F}.Release|Any CPU.ActiveCfg = Release|Any CPU
		{523DF864-6A43-673E-C609-EB494A591D5F}.Release|Any CPU.Build.0 = Release|Any CPU
		{C4218862-8A82-1083-41A3-2AF5B9E0C436}.Debug|Any CPU.ActiveCfg = Debug|Any CPU
		{C4218862-8A82-1083-41A3-2AF5B9E0C436}.Debug|Any CPU.Build.0 = Debug|Any CPU
		{C4218862-8A82-1083-41A3-2AF5B9E0C436}.Release|Any CPU.ActiveCfg = Release|Any CPU
		{C4218862-8A82-1083-41A3-2AF5B9E0C436}.Release|Any CPU.Build.0 = Release|Any CPU
		{D5F5174E-BC3C-9811-4535-1F1AA28F5A3D}.Debug|Any CPU.ActiveCfg = Debug|Any CPU
		{D5F5174E-BC3C-9811-4535-1F1AA28F5A3D}.Debug|Any CPU.Build.0 = Debug|Any CPU
		{D5F5174E-BC3C-9811-4535-1F1AA28F5A3D}.Release|Any CPU.ActiveCfg = Release|Any CPU
		{D5F5174E-BC3C-9811-4535-1F1AA28F5A3D}.Release|Any CPU.Build.0 = Release|Any CPU
		{8C8C2818-FDC7-D777-AA60-62040576D1AD}.Debug|Any CPU.ActiveCfg = Debug|Any CPU
		{8C8C2818-FDC7-D777-AA60-62040576D1AD}.Debug|Any CPU.Build.0 = Debug|Any CPU
		{8C8C2818-FDC7-D777-AA60-62040576D1AD}.Release|Any CPU.ActiveCfg = Release|Any CPU
		{8C8C2818-FDC7-D777-AA60-62040576D1AD}.Release|Any CPU.Build.0 = Release|Any CPU
		{AA1866B0-BE46-47F5-74F4-3FC11DB3574C}.Debug|Any CPU.ActiveCfg = Debug|Any CPU
		{AA1866B0-BE46-47F5-74F4-3FC11DB3574C}.Debug|Any CPU.Build.0 = Debug|Any CPU
		{AA1866B0-BE46-47F5-74F4-3FC11DB3574C}.Release|Any CPU.ActiveCfg = Release|Any CPU
		{AA1866B0-BE46-47F5-74F4-3FC11DB3574C}.Release|Any CPU.Build.0 = Release|Any CPU
	EndGlobalSection
	GlobalSection(SolutionProperties) = preSolution
		HideSolutionNode = FALSE
	EndGlobalSection
EndGlobal
